// !$*UTF8*$!
{
	archiveVersion = 1;
	classes = {
	};
	objectVersion = 50;
	objects = {

/* Begin PBXBuildFile section */
		CD04086A25220BDB00793C40 /* AppDelegate.swift in Sources */ = {isa = PBXBuildFile; fileRef = CD04086925220BDB00793C40 /* AppDelegate.swift */; };
		CD04086C25220BDB00793C40 /* SceneDelegate.swift in Sources */ = {isa = PBXBuildFile; fileRef = CD04086B25220BDB00793C40 /* SceneDelegate.swift */; };
		CD04086E25220BDB00793C40 /* ViewController.swift in Sources */ = {isa = PBXBuildFile; fileRef = CD04086D25220BDB00793C40 /* ViewController.swift */; };
		CD04087125220BDB00793C40 /* Main.storyboard in Resources */ = {isa = PBXBuildFile; fileRef = CD04086F25220BDB00793C40 /* Main.storyboard */; };
		CD04087325220BF500793C40 /* Assets.xcassets in Resources */ = {isa = PBXBuildFile; fileRef = CD04087225220BF500793C40 /* Assets.xcassets */; };
		CD04087625220BF500793C40 /* LaunchScreen.storyboard in Resources */ = {isa = PBXBuildFile; fileRef = CD04087425220BF500793C40 /* LaunchScreen.storyboard */; };
		CD73D8522522907300929900 /* WeightViewController.swift in Sources */ = {isa = PBXBuildFile; fileRef = CD73D8512522907300929900 /* WeightViewController.swift */; };
		CD73D8552522924800929900 /* VolumeViewController.swift in Sources */ = {isa = PBXBuildFile; fileRef = CD73D8542522924800929900 /* VolumeViewController.swift */; };
		CD73D8582522925F00929900 /* TemperatureViewController.swift in Sources */ = {isa = PBXBuildFile; fileRef = CD73D8572522925F00929900 /* TemperatureViewController.swift */; };
		CD73D85B2522926D00929900 /* LenghtViewController.swift in Sources */ = {isa = PBXBuildFile; fileRef = CD73D85A2522926D00929900 /* LenghtViewController.swift */; };
/* End PBXBuildFile section */

/* Begin PBXFileReference section */
		CD04086625220BDB00793C40 /* Metric to Imperial Converter App.app */ = {isa = PBXFileReference; explicitFileType = wrapper.application; includeInIndex = 0; path = "Metric to Imperial Converter App.app"; sourceTree = BUILT_PRODUCTS_DIR; };
		CD04086925220BDB00793C40 /* AppDelegate.swift */ = {isa = PBXFileReference; lastKnownFileType = sourcecode.swift; path = AppDelegate.swift; sourceTree = "<group>"; };
		CD04086B25220BDB00793C40 /* SceneDelegate.swift */ = {isa = PBXFileReference; lastKnownFileType = sourcecode.swift; path = SceneDelegate.swift; sourceTree = "<group>"; };
		CD04086D25220BDB00793C40 /* ViewController.swift */ = {isa = PBXFileReference; lastKnownFileType = sourcecode.swift; path = ViewController.swift; sourceTree = "<group>"; };
		CD04087025220BDB00793C40 /* Base */ = {isa = PBXFileReference; lastKnownFileType = file.storyboard; name = Base; path = Base.lproj/Main.storyboard; sourceTree = "<group>"; };
		CD04087225220BF500793C40 /* Assets.xcassets */ = {isa = PBXFileReference; lastKnownFileType = folder.assetcatalog; path = Assets.xcassets; sourceTree = "<group>"; };
		CD04087525220BF500793C40 /* Base */ = {isa = PBXFileReference; lastKnownFileType = file.storyboard; name = Base; path = Base.lproj/LaunchScreen.storyboard; sourceTree = "<group>"; };
		CD04087725220BF500793C40 /* Info.plist */ = {isa = PBXFileReference; lastKnownFileType = text.plist.xml; path = Info.plist; sourceTree = "<group>"; };
		CD73D8512522907300929900 /* WeightViewController.swift */ = {isa = PBXFileReference; lastKnownFileType = sourcecode.swift; path = WeightViewController.swift; sourceTree = "<group>"; };
		CD73D8542522924800929900 /* VolumeViewController.swift */ = {isa = PBXFileReference; lastKnownFileType = sourcecode.swift; path = VolumeViewController.swift; sourceTree = "<group>"; };
		CD73D8572522925F00929900 /* TemperatureViewController.swift */ = {isa = PBXFileReference; lastKnownFileType = sourcecode.swift; path = TemperatureViewController.swift; sourceTree = "<group>"; };
		CD73D85A2522926D00929900 /* LenghtViewController.swift */ = {isa = PBXFileReference; lastKnownFileType = sourcecode.swift; path = LenghtViewController.swift; sourceTree = "<group>"; };
/* End PBXFileReference section */

/* Begin PBXFrameworksBuildPhase section */
		CD04086325220BDB00793C40 /* Frameworks */ = {
			isa = PBXFrameworksBuildPhase;
			buildActionMask = 2147483647;
			files = (
			);
			runOnlyForDeploymentPostprocessing = 0;
		};
/* End PBXFrameworksBuildPhase section */

/* Begin PBXGroup section */
		CD04085D25220BDB00793C40 = {
			isa = PBXGroup;
			children = (
				CD04086825220BDB00793C40 /* Metric to Imperial Converter App */,
				CD04086725220BDB00793C40 /* Products */,
			);
			sourceTree = "<group>";
		};
		CD04086725220BDB00793C40 /* Products */ = {
			isa = PBXGroup;
			children = (
				CD04086625220BDB00793C40 /* Metric to Imperial Converter App.app */,
			);
			name = Products;
			sourceTree = "<group>";
		};
		CD04086825220BDB00793C40 /* Metric to Imperial Converter App */ = {
			isa = PBXGroup;
			children = (
				CDE9016F25228EC000B1DFCE /* Files */,
				CDE9016E25228EA900B1DFCE /* Model */,
				CDE9016D25228EA100B1DFCE /* View */,
				CDE9016C25228E9700B1DFCE /* Controller */,
			);
			path = "Metric to Imperial Converter App";
			sourceTree = "<group>";
		};
		CDE9016C25228E9700B1DFCE /* Controller */ = {
			isa = PBXGroup;
			children = (
				CD04086D25220BDB00793C40 /* ViewController.swift */,
				CD73D8512522907300929900 /* WeightViewController.swift */,
				CD73D8542522924800929900 /* VolumeViewController.swift */,
				CD73D8572522925F00929900 /* TemperatureViewController.swift */,
				CD73D85A2522926D00929900 /* LenghtViewController.swift */,
			);
			path = Controller;
			sourceTree = "<group>";
		};
		CDE9016D25228EA100B1DFCE /* View */ = {
			isa = PBXGroup;
			children = (
				CD04086F25220BDB00793C40 /* Main.storyboard */,
				CD04087425220BF500793C40 /* LaunchScreen.storyboard */,
			);
			path = View;
			sourceTree = "<group>";
		};
		CDE9016E25228EA900B1DFCE /* Model */ = {
			isa = PBXGroup;
			children = (
			);
			path = Model;
			sourceTree = "<group>";
		};
		CDE9016F25228EC000B1DFCE /* Files */ = {
			isa = PBXGroup;
			children = (
				CD04086925220BDB00793C40 /* AppDelegate.swift */,
				CD04087225220BF500793C40 /* Assets.xcassets */,
				CD04086B25220BDB00793C40 /* SceneDelegate.swift */,
				CD04087725220BF500793C40 /* Info.plist */,
			);
			path = Files;
			sourceTree = "<group>";
		};
/* End PBXGroup section */

/* Begin PBXNativeTarget section */
		CD04086525220BDB00793C40 /* Metric to Imperial Converter App */ = {
			isa = PBXNativeTarget;
			buildConfigurationList = CD04087A25220BF500793C40 /* Build configuration list for PBXNativeTarget "Metric to Imperial Converter App" */;
			buildPhases = (
				CD04086225220BDB00793C40 /* Sources */,
				CD04086325220BDB00793C40 /* Frameworks */,
				CD04086425220BDB00793C40 /* Resources */,
			);
			buildRules = (
			);
			dependencies = (
			);
			name = "Metric to Imperial Converter App";
			productName = "Metric to Imperial Converter App";
			productReference = CD04086625220BDB00793C40 /* Metric to Imperial Converter App.app */;
			productType = "com.apple.product-type.application";
		};
/* End PBXNativeTarget section */

/* Begin PBXProject section */
		CD04085E25220BDB00793C40 /* Project object */ = {
			isa = PBXProject;
			attributes = {
				LastSwiftUpdateCheck = 1200;
				LastUpgradeCheck = 1200;
				TargetAttributes = {
					CD04086525220BDB00793C40 = {
						CreatedOnToolsVersion = 12.0;
					};
				};
			};
			buildConfigurationList = CD04086125220BDB00793C40 /* Build configuration list for PBXProject "Metric to Imperial Converter App" */;
			compatibilityVersion = "Xcode 9.3";
			developmentRegion = en;
			hasScannedForEncodings = 0;
			knownRegions = (
				en,
				Base,
			);
			mainGroup = CD04085D25220BDB00793C40;
			productRefGroup = CD04086725220BDB00793C40 /* Products */;
			projectDirPath = "";
			projectRoot = "";
			targets = (
				CD04086525220BDB00793C40 /* Metric to Imperial Converter App */,
			);
		};
/* End PBXProject section */

/* Begin PBXResourcesBuildPhase section */
		CD04086425220BDB00793C40 /* Resources */ = {
			isa = PBXResourcesBuildPhase;
			buildActionMask = 2147483647;
			files = (
				CD04087625220BF500793C40 /* LaunchScreen.storyboard in Resources */,
				CD04087325220BF500793C40 /* Assets.xcassets in Resources */,
				CD04087125220BDB00793C40 /* Main.storyboard in Resources */,
			);
			runOnlyForDeploymentPostprocessing = 0;
		};
/* End PBXResourcesBuildPhase section */

/* Begin PBXSourcesBuildPhase section */
		CD04086225220BDB00793C40 /* Sources */ = {
			isa = PBXSourcesBuildPhase;
			buildActionMask = 2147483647;
			files = (
				CD73D85B2522926D00929900 /* LenghtViewController.swift in Sources */,
				CD73D8522522907300929900 /* WeightViewController.swift in Sources */,
				CD73D8552522924800929900 /* VolumeViewController.swift in Sources */,
				CD04086E25220BDB00793C40 /* ViewController.swift in Sources */,
				CD04086A25220BDB00793C40 /* AppDelegate.swift in Sources */,
				CD04086C25220BDB00793C40 /* SceneDelegate.swift in Sources */,
				CD73D8582522925F00929900 /* TemperatureViewController.swift in Sources */,
			);
			runOnlyForDeploymentPostprocessing = 0;
		};
/* End PBXSourcesBuildPhase section */

/* Begin PBXVariantGroup section */
		CD04086F25220BDB00793C40 /* Main.storyboard */ = {
			isa = PBXVariantGroup;
			children = (
				CD04087025220BDB00793C40 /* Base */,
			);
			name = Main.storyboard;
			sourceTree = "<group>";
		};
		CD04087425220BF500793C40 /* LaunchScreen.storyboard */ = {
			isa = PBXVariantGroup;
			children = (
				CD04087525220BF500793C40 /* Base */,
			);
			name = LaunchScreen.storyboard;
			sourceTree = "<group>";
		};
/* End PBXVariantGroup section */

/* Begin XCBuildConfiguration section */
		CD04087825220BF500793C40 /* Debug */ = {
			isa = XCBuildConfiguration;
			buildSettings = {
				ALWAYS_SEARCH_USER_PATHS = NO;
				CLANG_ANALYZER_NONNULL = YES;
				CLANG_ANALYZER_NUMBER_OBJECT_CONVERSION = YES_AGGRESSIVE;
				CLANG_CXX_LANGUAGE_STANDARD = "gnu++14";
				CLANG_CXX_LIBRARY = "libc++";
				CLANG_ENABLE_MODULES = YES;
				CLANG_ENABLE_OBJC_ARC = YES;
				CLANG_ENABLE_OBJC_WEAK = YES;
				CLANG_WARN_BLOCK_CAPTURE_AUTORELEASING = YES;
				CLANG_WARN_BOOL_CONVERSION = YES;
				CLANG_WARN_COMMA = YES;
				CLANG_WARN_CONSTANT_CONVERSION = YES;
				CLANG_WARN_DEPRECATED_OBJC_IMPLEMENTATIONS = YES;
				CLANG_WARN_DIRECT_OBJC_ISA_USAGE = YES_ERROR;
				CLANG_WARN_DOCUMENTATION_COMMENTS = YES;
				CLANG_WARN_EMPTY_BODY = YES;
				CLANG_WARN_ENUM_CONVERSION = YES;
				CLANG_WARN_INFINITE_RECURSION = YES;
				CLANG_WARN_INT_CONVERSION = YES;
				CLANG_WARN_NON_LITERAL_NULL_CONVERSION = YES;
				CLANG_WARN_OBJC_IMPLICIT_RETAIN_SELF = YES;
				CLANG_WARN_OBJC_LITERAL_CONVERSION = YES;
				CLANG_WARN_OBJC_ROOT_CLASS = YES_ERROR;
				CLANG_WARN_QUOTED_INCLUDE_IN_FRAMEWORK_HEADER = YES;
				CLANG_WARN_RANGE_LOOP_ANALYSIS = YES;
				CLANG_WARN_STRICT_PROTOTYPES = YES;
				CLANG_WARN_SUSPICIOUS_MOVE = YES;
				CLANG_WARN_UNGUARDED_AVAILABILITY = YES_AGGRESSIVE;
				CLANG_WARN_UNREACHABLE_CODE = YES;
				CLANG_WARN__DUPLICATE_METHOD_MATCH = YES;
				COPY_PHASE_STRIP = NO;
				DEBUG_INFORMATION_FORMAT = dwarf;
				ENABLE_STRICT_OBJC_MSGSEND = YES;
				ENABLE_TESTABILITY = YES;
				GCC_C_LANGUAGE_STANDARD = gnu11;
				GCC_DYNAMIC_NO_PIC = NO;
				GCC_NO_COMMON_BLOCKS = YES;
				GCC_OPTIMIZATION_LEVEL = 0;
				GCC_PREPROCESSOR_DEFINITIONS = (
					"DEBUG=1",
					"$(inherited)",
				);
				GCC_WARN_64_TO_32_BIT_CONVERSION = YES;
				GCC_WARN_ABOUT_RETURN_TYPE = YES_ERROR;
				GCC_WARN_UNDECLARED_SELECTOR = YES;
				GCC_WARN_UNINITIALIZED_AUTOS = YES_AGGRESSIVE;
				GCC_WARN_UNUSED_FUNCTION = YES;
				GCC_WARN_UNUSED_VARIABLE = YES;
				IPHONEOS_DEPLOYMENT_TARGET = 12.0;
				MTL_ENABLE_DEBUG_INFO = INCLUDE_SOURCE;
				MTL_FAST_MATH = YES;
				ONLY_ACTIVE_ARCH = YES;
				SDKROOT = iphoneos;
				SWIFT_ACTIVE_COMPILATION_CONDITIONS = DEBUG;
				SWIFT_OPTIMIZATION_LEVEL = "-Onone";
			};
			name = Debug;
		};
		CD04087925220BF500793C40 /* Release */ = {
			isa = XCBuildConfiguration;
			buildSettings = {
				ALWAYS_SEARCH_USER_PATHS = NO;
				CLANG_ANALYZER_NONNULL = YES;
				CLANG_ANALYZER_NUMBER_OBJECT_CONVERSION = YES_AGGRESSIVE;
				CLANG_CXX_LANGUAGE_STANDARD = "gnu++14";
				CLANG_CXX_LIBRARY = "libc++";
				CLANG_ENABLE_MODULES = YES;
				CLANG_ENABLE_OBJC_ARC = YES;
				CLANG_ENABLE_OBJC_WEAK = YES;
				CLANG_WARN_BLOCK_CAPTURE_AUTORELEASING = YES;
				CLANG_WARN_BOOL_CONVERSION = YES;
				CLANG_WARN_COMMA = YES;
				CLANG_WARN_CONSTANT_CONVERSION = YES;
				CLANG_WARN_DEPRECATED_OBJC_IMPLEMENTATIONS = YES;
				CLANG_WARN_DIRECT_OBJC_ISA_USAGE = YES_ERROR;
				CLANG_WARN_DOCUMENTATION_COMMENTS = YES;
				CLANG_WARN_EMPTY_BODY = YES;
				CLANG_WARN_ENUM_CONVERSION = YES;
				CLANG_WARN_INFINITE_RECURSION = YES;
				CLANG_WARN_INT_CONVERSION = YES;
				CLANG_WARN_NON_LITERAL_NULL_CONVERSION = YES;
				CLANG_WARN_OBJC_IMPLICIT_RETAIN_SELF = YES;
				CLANG_WARN_OBJC_LITERAL_CONVERSION = YES;
				CLANG_WARN_OBJC_ROOT_CLASS = YES_ERROR;
				CLANG_WARN_QUOTED_INCLUDE_IN_FRAMEWORK_HEADER = YES;
				CLANG_WARN_RANGE_LOOP_ANALYSIS = YES;
				CLANG_WARN_STRICT_PROTOTYPES = YES;
				CLANG_WARN_SUSPICIOUS_MOVE = YES;
				CLANG_WARN_UNGUARDED_AVAILABILITY = YES_AGGRESSIVE;
				CLANG_WARN_UNREACHABLE_CODE = YES;
				CLANG_WARN__DUPLICATE_METHOD_MATCH = YES;
				COPY_PHASE_STRIP = NO;
				DEBUG_INFORMATION_FORMAT = "dwarf-with-dsym";
				ENABLE_NS_ASSERTIONS = NO;
				ENABLE_STRICT_OBJC_MSGSEND = YES;
				GCC_C_LANGUAGE_STANDARD = gnu11;
				GCC_NO_COMMON_BLOCKS = YES;
				GCC_WARN_64_TO_32_BIT_CONVERSION = YES;
				GCC_WARN_ABOUT_RETURN_TYPE = YES_ERROR;
				GCC_WARN_UNDECLARED_SELECTOR = YES;
				GCC_WARN_UNINITIALIZED_AUTOS = YES_AGGRESSIVE;
				GCC_WARN_UNUSED_FUNCTION = YES;
				GCC_WARN_UNUSED_VARIABLE = YES;
				IPHONEOS_DEPLOYMENT_TARGET = 12.0;
				MTL_ENABLE_DEBUG_INFO = NO;
				MTL_FAST_MATH = YES;
				SDKROOT = iphoneos;
				SWIFT_COMPILATION_MODE = wholemodule;
				SWIFT_OPTIMIZATION_LEVEL = "-O";
				VALIDATE_PRODUCT = YES;
			};
			name = Release;
		};
		CD04087B25220BF500793C40 /* Debug */ = {
			isa = XCBuildConfiguration;
			buildSettings = {
				ASSETCATALOG_COMPILER_APPICON_NAME = AppIcon;
				ASSETCATALOG_COMPILER_GLOBAL_ACCENT_COLOR_NAME = AccentColor;
				CODE_SIGN_STYLE = Automatic;
				DEVELOPMENT_TEAM = 6SA5U5Q7BM;
				INFOPLIST_FILE = "$(SRCROOT)/Metric to Imperial Converter App/Files/Info.plist";
				IPHONEOS_DEPLOYMENT_TARGET = 12.0;
				LD_RUNPATH_SEARCH_PATHS = (
					"$(inherited)",
					"@executable_path/Frameworks",
				);
				PRODUCT_BUNDLE_IDENTIFIER = "com.paydunya.Metric-to-Imperial-Converter-App";
				PRODUCT_NAME = "$(TARGET_NAME)";
				SWIFT_VERSION = 5.0;
				TARGETED_DEVICE_FAMILY = "1,2";
			};
			name = Debug;
		};
		CD04087C25220BF500793C40 /* Release */ = {
			isa = XCBuildConfiguration;
			buildSettings = {
				ASSETCATALOG_COMPILER_APPICON_NAME = AppIcon;
				ASSETCATALOG_COMPILER_GLOBAL_ACCENT_COLOR_NAME = AccentColor;
				CODE_SIGN_STYLE = Automatic;
				DEVELOPMENT_TEAM = 6SA5U5Q7BM;
				INFOPLIST_FILE = "$(SRCROOT)/Metric to Imperial Converter App/Files/Info.plist";
				IPHONEOS_DEPLOYMENT_TARGET = 12.0;
				LD_RUNPATH_SEARCH_PATHS = (
					"$(inherited)",
					"@executable_path/Frameworks",
				);
				PRODUCT_BUNDLE_IDENTIFIER = "com.paydunya.Metric-to-Imperial-Converter-App";
				PRODUCT_NAME = "$(TARGET_NAME)";
				SWIFT_VERSION = 5.0;
				TARGETED_DEVICE_FAMILY = "1,2";
			};
			name = Release;
		};
/* End XCBuildConfiguration section */

/* Begin XCConfigurationList section */
		CD04086125220BDB00793C40 /* Build configuration list for PBXProject "Metric to Imperial Converter App" */ = {
			isa = XCConfigurationList;
			buildConfigurations = (
				CD04087825220BF500793C40 /* Debug */,
				CD04087925220BF500793C40 /* Release */,
			);
			defaultConfigurationIsVisible = 0;
			defaultConfigurationName = Release;
		};
		CD04087A25220BF500793C40 /* Build configuration list for PBXNativeTarget "Metric to Imperial Converter App" */ = {
			isa = XCConfigurationList;
			buildConfigurations = (
				CD04087B25220BF500793C40 /* Debug */,
				CD04087C25220BF500793C40 /* Release */,
			);
			defaultConfigurationIsVisible = 0;
			defaultConfigurationName = Release;
		};
/* End XCConfigurationList section */
	};
	rootObject = CD04085E25220BDB00793C40 /* Project object */;
}
